
Microsoft Visual Studio Solution File, Format Version 12.00
# Visual Studio Version 17
VisualStudioVersion = 17.3.32929.385
MinimumVisualStudioVersion = 10.0.40219.1
Project("{FAE04EC0-301F-11D3-BF4B-00C04F79EFBC}") = "EnviarCorreo-DEINT", "EnviarCorreo-DEINT\EnviarCorreo-DEINT.csproj", "{2611A397-A357-4E07-AB32-7EDC45507BE7}"
EndProject
Global
	GlobalSection(SolutionConfigurationPlatforms) = preSolution
		Debug|Any CPU = Debug|Any CPU
		Release|Any CPU = Release|Any CPU
	EndGlobalSection
	GlobalSection(ProjectConfigurationPlatforms) = postSolution
		{2611A397-A357-4E07-AB32-7EDC45507BE7}.Debug|Any CPU.ActiveCfg = Debug|Any CPU
		{2611A397-A357-4E07-AB32-7EDC45507BE7}.Debug|Any CPU.Build.0 = Debug|Any CPU
		{2611A397-A357-4E07-AB32-7EDC45507BE7}.Release|Any CPU.ActiveCfg = Release|Any CPU
		{2611A397-A357-4E07-AB32-7EDC45507BE7}.Release|Any CPU.Build.0 = Release|Any CPU
	EndGlobalSection
	GlobalSection(SolutionProperties) = preSolution
		HideSolutionNode = FALSE
	EndGlobalSection
	GlobalSection(ExtensibilityGlobals) = postSolution
		SolutionGuid = {27149C66-8426-4C20-94C7-AF17C51A6B3E}
	EndGlobalSection
EndGlobal
